
Microsoft Visual Studio Solution File, Format Version 12.00
# Visual Studio Version 17
VisualStudioVersion = 17.3.32819.101
MinimumVisualStudioVersion = 10.0.40219.1
Project("{9A19103F-16F7-4668-BE54-9A1E7A4F7556}") = "FoodStore", "FoodStore.csproj", "{BB92BC7D-2A40-4337-BB56-B3BCD3FEFEC3}"
EndProject
Global
	GlobalSection(SolutionConfigurationPlatforms) = preSolution
		Debug|Any CPU = Debug|Any CPU
		Release|Any CPU = Release|Any CPU
	EndGlobalSection
	GlobalSection(ProjectConfigurationPlatforms) = postSolution
		{BB92BC7D-2A40-4337-BB56-B3BCD3FEFEC3}.Debug|Any CPU.ActiveCfg = Debug|Any CPU
		{BB92BC7D-2A40-4337-BB56-B3BCD3FEFEC3}.Debug|Any CPU.Build.0 = Debug|Any CPU
		{BB92BC7D-2A40-4337-BB56-B3BCD3FEFEC3}.Release|Any CPU.ActiveCfg = Release|Any CPU
		{BB92BC7D-2A40-4337-BB56-B3BCD3FEFEC3}.Release|Any CPU.Build.0 = Release|Any CPU
	EndGlobalSection
	GlobalSection(SolutionProperties) = preSolution
		HideSolutionNode = FALSE
	EndGlobalSection
	GlobalSection(ExtensibilityGlobals) = postSolution
		SolutionGuid = {A8233064-9BF9-44BC-A1EC-13B439F59B6A}
	EndGlobalSection
EndGlobal
